
Microsoft Visual Studio Solution File, Format Version 12.00
# Visual Studio Version 16
VisualStudioVersion = 16.0.30621.155
MinimumVisualStudioVersion = 10.0.40219.1
Project("{888888A0-9F3D-457C-B088-3A5042F75D52}") = "apriori_realize", "apriori_realize.pyproj", "{4BB64BF4-6BF6-49CB-AFEF-6BE0A8A89115}"
EndProject
Global
	GlobalSection(SolutionConfigurationPlatforms) = preSolution
		Debug|Any CPU = Debug|Any CPU
		Release|Any CPU = Release|Any CPU
	EndGlobalSection
	GlobalSection(ProjectConfigurationPlatforms) = postSolution
		{4BB64BF4-6BF6-49CB-AFEF-6BE0A8A89115}.Debug|Any CPU.ActiveCfg = Debug|Any CPU
		{4BB64BF4-6BF6-49CB-AFEF-6BE0A8A89115}.Release|Any CPU.ActiveCfg = Release|Any CPU
	EndGlobalSection
	GlobalSection(SolutionProperties) = preSolution
		HideSolutionNode = FALSE
	EndGlobalSection
	GlobalSection(ExtensibilityGlobals) = postSolution
		SolutionGuid = {F875810D-452D-484D-9DC1-89CBEE6CE7BD}
	EndGlobalSection
EndGlobal
